<?xml version="1.0" encoding="utf-8"?>
<Project ToolsVersion="4.0" xmlns="http://schemas.microsoft.com/developer/msbuild/2003">
  <ItemGroup>
    <Filter Include="Header Files">
      <UniqueIdentifier>{D4494696-CA2D-4759-8106-6AE16CA9AB15}</UniqueIdentifier>
      <Extensions>h;hpp;hxx;hm;inl;inc;xsd</Extensions>
    </Filter>
    <Filter Include="Source Files">
      <UniqueIdentifier>{4C0E234C-0245-4006-BC73-88913BEA0941}</UniqueIdentifier>
      <Extensions>cpp;c;cc;cxx;def;odl;idl;hpj;bat;asm;asmx</Extensions>
    </Filter>
  </ItemGroup>
  <ItemGroup>
    <ClInclude Include="BMPUtils.h">
      <Filter>Header Files</Filter>
    </ClInclude>
    <ClInclude Include="BaseMenu.h">
      <Filter>Header Files</Filter>
    </ClInclude>
    <ClInclude Include="BtnsBMPTable.h">
      <Filter>Header Files</Filter>
    </ClInclude>
    <ClInclude Include="CFGScript.h">
      <Filter>Header Files</Filter>
    </ClInclude>
    <ClInclude Include="Color.h">
      <Filter>Header Files</Filter>
    </ClInclude>
    <ClInclude Include="Coord.h">
      <Filter>Header Files</Filter>
    </ClInclude>
    <ClInclude Include="EventSystem.h">
      <Filter>Header Files</Filter>
    </ClInclude>
    <ClInclude Include="Image.h">
      <Filter>Header Files</Filter>
    </ClInclude>
    <ClInclude Include="MenuStrings.h">
      <Filter>Header Files</Filter>
    </ClInclude>
    <ClInclude Include="Primitive.h">
      <Filter>Header Files</Filter>
    </ClInclude>
    <ClInclude Include="Scissor.h">
      <Filter>Header Files</Filter>
    </ClInclude>
    <ClInclude Include="Utils.h">
      <Filter>Header Files</Filter>
    </ClInclude>
    <ClInclude Include="WindowSystem.h">
      <Filter>Header Files</Filter>
    </ClInclude>
    <ClInclude Include="enginecallback_menu.h">
      <Filter>Header Files</Filter>
    </ClInclude>
    <ClInclude Include="extdll_menu.h">
      <Filter>Header Files</Filter>
    </ClInclude>
    <ClInclude Include="menufont.h">
      <Filter>Header Files</Filter>
    </ClInclude>
    <ClInclude Include="miniutl\bitstring.h">
      <Filter>Header Files</Filter>
    </ClInclude>
    <ClInclude Include="miniutl\fmtstr.h">
      <Filter>Header Files</Filter>
    </ClInclude>
    <ClInclude Include="miniutl\generichash.h">
      <Filter>Header Files</Filter>
    </ClInclude>
    <ClInclude Include="miniutl\ipv6text.h">
      <Filter>Header Files</Filter>
    </ClInclude>
    <ClInclude Include="miniutl\minbase_endian.h">
      <Filter>Header Files</Filter>
    </ClInclude>
    <ClInclude Include="miniutl\miniutl.h">
      <Filter>Header Files</Filter>
    </ClInclude>
    <ClInclude Include="miniutl\strtools.h">
      <Filter>Header Files</Filter>
    </ClInclude>
    <ClInclude Include="miniutl\utlbuffer.h">
      <Filter>Header Files</Filter>
    </ClInclude>
    <ClInclude Include="miniutl\utlhashmap.h">
      <Filter>Header Files</Filter>
    </ClInclude>
    <ClInclude Include="miniutl\utllinkedlist.h">
      <Filter>Header Files</Filter>
    </ClInclude>
    <ClInclude Include="miniutl\utlmap.h">
      <Filter>Header Files</Filter>
    </ClInclude>
    <ClInclude Include="miniutl\utlmemory.h">
      <Filter>Header Files</Filter>
    </ClInclude>
    <ClInclude Include="miniutl\utlpriorityqueue.h">
      <Filter>Header Files</Filter>
    </ClInclude>
    <ClInclude Include="miniutl\utlrbtree.h">
      <Filter>Header Files</Filter>
    </ClInclude>
    <ClInclude Include="miniutl\utlstring.h">
      <Filter>Header Files</Filter>
    </ClInclude>
    <ClInclude Include="miniutl\utlvector.h">
      <Filter>Header Files</Filter>
    </ClInclude>
    <ClInclude Include="miniutl\winlite.h">
      <Filter>Header Files</Filter>
    </ClInclude>
    <ClInclude Include="font\BaseFontBackend.h">
      <Filter>Header Files</Filter>
    </ClInclude>
    <ClInclude Include="font\BitmapFont.h">
      <Filter>Header Files</Filter>
    </ClInclude>
    <ClInclude Include="font\FontManager.h">
      <Filter>Header Files</Filter>
    </ClInclude>
    <ClInclude Include="font\FontRenderer.h">
      <Filter>Header Files</Filter>
    </ClInclude>
    <ClInclude Include="font\FreeTypeFont.h">
      <Filter>Header Files</Filter>
    </ClInclude>
    <ClInclude Include="font\StbFont.h">
      <Filter>Header Files</Filter>
    </ClInclude>
    <ClInclude Include="font\WinAPIFont.h">
      <Filter>Header Files</Filter>
    </ClInclude>
    <ClInclude Include="font\stb_truetype.h">
      <Filter>Header Files</Filter>
    </ClInclude>
    <ClInclude Include="controls\Action.h">
      <Filter>Header Files</Filter>
    </ClInclude>
    <ClInclude Include="controls\BackgroundBitmap.h">
      <Filter>Header Files</Filter>
    </ClInclude>
    <ClInclude Include="controls\BaseClientWindow.h">
      <Filter>Header Files</Filter>
    </ClInclude>
    <ClInclude Include="controls\BaseItem.h">
      <Filter>Header Files</Filter>
    </ClInclude>
    <ClInclude Include="controls\BaseWindow.h">
      <Filter>Header Files</Filter>
    </ClInclude>
    <ClInclude Include="controls\Bitmap.h">
      <Filter>Header Files</Filter>
    </ClInclude>
    <ClInclude Include="controls\CheckBox.h">
      <Filter>Header Files</Filter>
    </ClInclude>
    <ClInclude Include="controls\Editable.h">
      <Filter>Header Files</Filter>
    </ClInclude>
    <ClInclude Include="controls\Field.h">
      <Filter>Header Files</Filter>
    </ClInclude>
    <ClInclude Include="controls\Framework.h">
      <Filter>Header Files</Filter>
    </ClInclude>
    <ClInclude Include="controls\ItemsHolder.h">
      <Filter>Header Files</Filter>
    </ClInclude>
    <ClInclude Include="controls\MessageBox.h">
      <Filter>Header Files</Filter>
    </ClInclude>
    <ClInclude Include="controls\PicButton.h">
      <Filter>Header Files</Filter>
    </ClInclude>
    <ClInclude Include="controls\PlayerModelView.h">
      <Filter>Header Files</Filter>
    </ClInclude>
    <ClInclude Include="controls\ProgressBar.h">
      <Filter>Header Files</Filter>
    </ClInclude>
    <ClInclude Include="controls\ScrollView.h">
      <Filter>Header Files</Filter>
    </ClInclude>
    <ClInclude Include="controls\Slider.h">
      <Filter>Header Files</Filter>
    </ClInclude>
    <ClInclude Include="controls\SpinControl.h">
      <Filter>Header Files</Filter>
    </ClInclude>
    <ClInclude Include="controls\Switch.h">
      <Filter>Header Files</Filter>
    </ClInclude>
    <ClInclude Include="controls\TabView.h">
      <Filter>Header Files</Filter>
    </ClInclude>
    <ClInclude Include="controls\Table.h">
      <Filter>Header Files</Filter>
    </ClInclude>
    <ClInclude Include="controls\YesNoMessageBox.h">
      <Filter>Header Files</Filter>
    </ClInclude>
    <ClInclude Include="menus\PlayerIntroduceDialog.h">
      <Filter>Header Files</Filter>
    </ClInclude>
    <ClInclude Include="model\BaseArrayModel.h">
      <Filter>Header Files</Filter>
    </ClInclude>
    <ClInclude Include="model\BaseModel.h">
      <Filter>Header Files</Filter>
    </ClInclude>
    <ClInclude Include="model\StringArrayModel.h">
      <Filter>Header Files</Filter>
    </ClInclude>
    <ClInclude Include="StringVectorModel.h">
      <Filter>Header Files</Filter>
    </ClInclude>
    <ClInclude Include="utflib.h">
      <Filter>Header Files</Filter>
    </ClInclude>
    <ClInclude Include="engine\cursor_type.h">
      <Filter>Header Files</Filter>
    </ClInclude>
    <ClInclude Include="common\net_api.h">
      <Filter>Header Files</Filter>
    </ClInclude>
    <ClInclude Include="common\xash3d_types.h">
      <Filter>Header Files</Filter>
    </ClInclude>
    <ClInclude Include="engine\menu_int.h">
      <Filter>Header Files</Filter>
    </ClInclude>
    <ClInclude Include="controls\DropDown.h">
      <Filter>Header Files</Filter>
    </ClInclude>
  </ItemGroup>
  <ItemGroup>
    <ClCompile Include="BaseMenu.cpp">
      <Filter>Source Files</Filter>
    </ClCompile>
    <ClCompile Include="Btns.cpp">
      <Filter>Source Files</Filter>
    </ClCompile>
    <ClCompile Include="CFGScript.cpp">
      <Filter>Source Files</Filter>
    </ClCompile>
    <ClCompile Include="EngineCallback.cpp">
      <Filter>Source Files</Filter>
    </ClCompile>
    <ClCompile Include="EventSystem.cpp">
      <Filter>Source Files</Filter>
    </ClCompile>
    <ClCompile Include="MenuStrings.cpp">
      <Filter>Source Files</Filter>
    </ClCompile>
    <ClCompile Include="Scissor.cpp">
      <Filter>Source Files</Filter>
    </ClCompile>
    <ClCompile Include="Utils.cpp">
      <Filter>Source Files</Filter>
    </ClCompile>
    <ClCompile Include="WindowSystem.cpp">
      <Filter>Source Files</Filter>
    </ClCompile>
    <ClCompile Include="controls\Action.cpp">
      <Filter>Source Files</Filter>
    </ClCompile>
    <ClCompile Include="controls\BackgroundBitmap.cpp">
      <Filter>Source Files</Filter>
    </ClCompile>
    <ClCompile Include="controls\BaseClientWindow.cpp">
      <Filter>Source Files</Filter>
    </ClCompile>
    <ClCompile Include="controls\BaseItem.cpp">
      <Filter>Source Files</Filter>
    </ClCompile>
    <ClCompile Include="controls\BaseWindow.cpp">
      <Filter>Source Files</Filter>
    </ClCompile>
    <ClCompile Include="controls\Bitmap.cpp">
      <Filter>Source Files</Filter>
    </ClCompile>
    <ClCompile Include="controls\CheckBox.cpp">
      <Filter>Source Files</Filter>
    </ClCompile>
    <ClCompile Include="controls\Editable.cpp">
      <Filter>Source Files</Filter>
    </ClCompile>
    <ClCompile Include="controls\Field.cpp">
      <Filter>Source Files</Filter>
    </ClCompile>
    <ClCompile Include="controls\Framework.cpp">
      <Filter>Source Files</Filter>
    </ClCompile>
    <ClCompile Include="controls\ItemsHolder.cpp">
      <Filter>Source Files</Filter>
    </ClCompile>
    <ClCompile Include="controls\MessageBox.cpp">
      <Filter>Source Files</Filter>
    </ClCompile>
    <ClCompile Include="controls\PicButton.cpp">
      <Filter>Source Files</Filter>
    </ClCompile>
    <ClCompile Include="controls\PlayerModelView.cpp">
      <Filter>Source Files</Filter>
    </ClCompile>
    <ClCompile Include="controls\ProgressBar.cpp">
      <Filter>Source Files</Filter>
    </ClCompile>
    <ClCompile Include="controls\ScrollView.cpp">
      <Filter>Source Files</Filter>
    </ClCompile>
    <ClCompile Include="controls\Slider.cpp">
      <Filter>Source Files</Filter>
    </ClCompile>
    <ClCompile Include="controls\SpinControl.cpp">
      <Filter>Source Files</Filter>
    </ClCompile>
    <ClCompile Include="controls\Switch.cpp">
      <Filter>Source Files</Filter>
    </ClCompile>
    <ClCompile Include="controls\TabView.cpp">
      <Filter>Source Files</Filter>
    </ClCompile>
    <ClCompile Include="controls\Table.cpp">
      <Filter>Source Files</Filter>
    </ClCompile>
    <ClCompile Include="controls\YesNoMessageBox.cpp">
      <Filter>Source Files</Filter>
    </ClCompile>
    <ClCompile Include="font\BaseFontBackend.cpp">
      <Filter>Source Files</Filter>
    </ClCompile>
    <ClCompile Include="font\BitmapFont.cpp">
      <Filter>Source Files</Filter>
    </ClCompile>
    <ClCompile Include="font\FontManager.cpp">
      <Filter>Source Files</Filter>
    </ClCompile>
    <ClCompile Include="font\FreeTypeFont.cpp">
      <Filter>Source Files</Filter>
    </ClCompile>
    <ClCompile Include="font\StbFont.cpp">
      <Filter>Source Files</Filter>
    </ClCompile>
    <ClCompile Include="font\WinAPIFont.cpp">
      <Filter>Source Files</Filter>
    </ClCompile>
    <ClCompile Include="menus\AdvancedControls.cpp">
      <Filter>Source Files</Filter>
    </ClCompile>
    <ClCompile Include="menus\Audio.cpp">
      <Filter>Source Files</Filter>
    </ClCompile>
    <ClCompile Include="menus\Options.cpp">
      <Filter>Source Files</Filter>
    </ClCompile>
    <ClCompile Include="menus\ConnectionProgress.cpp">
      <Filter>Source Files</Filter>
    </ClCompile>
    <ClCompile Include="menus\ConnectionWarning.cpp">
      <Filter>Source Files</Filter>
    </ClCompile>
    <ClCompile Include="menus\Controls.cpp">
      <Filter>Source Files</Filter>
    </ClCompile>
    <ClCompile Include="menus\CreateGame.cpp">
      <Filter>Source Files</Filter>
    </ClCompile>
    <ClCompile Include="menus\Credits.cpp">
      <Filter>Source Files</Filter>
    </ClCompile>
    <ClCompile Include="menus\CustomGame.cpp">
      <Filter>Source Files</Filter>
    </ClCompile>
    <ClCompile Include="menus\FileDialog.cpp">
      <Filter>Source Files</Filter>
    </ClCompile>
    <ClCompile Include="menus\GameOptions.cpp">
      <Filter>Source Files</Filter>
    </ClCompile>
    <ClCompile Include="menus\Gamepad.cpp">
      <Filter>Source Files</Filter>
    </ClCompile>
    <ClCompile Include="menus\InputDevices.cpp">
      <Filter>Source Files</Filter>
    </ClCompile>
    <ClCompile Include="menus\LoadGame.cpp">
      <Filter>Source Files</Filter>
    </ClCompile>
    <ClCompile Include="menus\Main.cpp">
      <Filter>Source Files</Filter>
    </ClCompile>
    <ClCompile Include="menus\Multiplayer.cpp">
      <Filter>Source Files</Filter>
    </ClCompile>
    <ClCompile Include="menus\NewGame.cpp">
      <Filter>Source Files</Filter>
    </ClCompile>
    <ClCompile Include="menus\PlayerIntroduceDialog.cpp">
      <Filter>Source Files</Filter>
    </ClCompile>
    <ClCompile Include="menus\PlayerSetup.cpp">
      <Filter>Source Files</Filter>
    </ClCompile>
    <ClCompile Include="menus\SaveLoad.cpp">
      <Filter>Source Files</Filter>
    </ClCompile>
    <ClCompile Include="menus\ServerBrowser.cpp">
      <Filter>Source Files</Filter>
    </ClCompile>
    <ClCompile Include="menus\Touch.cpp">
      <Filter>Source Files</Filter>
    </ClCompile>
    <ClCompile Include="menus\TouchButtons.cpp">
      <Filter>Source Files</Filter>
    </ClCompile>
    <ClCompile Include="menus\TouchEdit.cpp">
      <Filter>Source Files</Filter>
    </ClCompile>
    <ClCompile Include="menus\TouchOptions.cpp">
      <Filter>Source Files</Filter>
    </ClCompile>
    <ClCompile Include="menus\Video.cpp">
      <Filter>Source Files</Filter>
    </ClCompile>
    <ClCompile Include="menus\VideoModes.cpp">
      <Filter>Source Files</Filter>
    </ClCompile>
    <ClCompile Include="menus\VideoOptions.cpp">
      <Filter>Source Files</Filter>
    </ClCompile>
    <ClCompile Include="menus\Zoo.cpp">
      <Filter>Source Files</Filter>
    </ClCompile>
    <ClCompile Include="menus\dynamic\ScriptMenu.cpp">
      <Filter>Source Files</Filter>
    </ClCompile>
    <ClCompile Include="miniutl\bitstring.cpp">
      <Filter>Source Files</Filter>
    </ClCompile>
    <ClCompile Include="miniutl\generichash.cpp">
      <Filter>Source Files</Filter>
    </ClCompile>
    <ClCompile Include="miniutl\strtools.cpp">
      <Filter>Source Files</Filter>
    </ClCompile>
    <ClCompile Include="miniutl\utlbuffer.cpp">
      <Filter>Source Files</Filter>
    </ClCompile>
    <ClCompile Include="miniutl\utlmemory.cpp">
      <Filter>Source Files</Filter>
    </ClCompile>
    <ClCompile Include="miniutl\utlstring.cpp">
      <Filter>Source Files</Filter>
    </ClCompile>
    <ClCompile Include="udll_int.cpp">
      <Filter>Source Files</Filter>
    </ClCompile>
    <ClCompile Include="menus\Achievements.cpp">
      <Filter>Source Files</Filter>
    </ClCompile>
    <ClCompile Include="utflib.cpp">
      <Filter>Source Files</Filter>
    </ClCompile>
    <ClCompile Include="menus\ServerInfo.cpp">
      <Filter>Source Files</Filter>
    </ClCompile>
    <ClCompile Include="controls\DropDown.cpp">
      <Filter>Source Files</Filter>
    </ClCompile>
  </ItemGroup>
</Project>